// !$*UTF8*$!
{
	archiveVersion = 1;
	classes = {
	};
	objectVersion = 46;
	objects = {

/* Begin PBXBuildFile section */
		4144DBD91F03FA790065B6E2 /* PhotoAlbumViewController.swift in Sources */ = {isa = PBXBuildFile; fileRef = 4144DBD81F03FA790065B6E2 /* PhotoAlbumViewController.swift */; };
		4144DBE11F041B5D0065B6E2 /* Constants.swift in Sources */ = {isa = PBXBuildFile; fileRef = 4144DBE01F041B5D0065B6E2 /* Constants.swift */; };
		4144DBE31F041F2F0065B6E2 /* Client.swift in Sources */ = {isa = PBXBuildFile; fileRef = 4144DBE21F041F2F0065B6E2 /* Client.swift */; };
		4144DBE51F0437C50065B6E2 /* SavedItems.swift in Sources */ = {isa = PBXBuildFile; fileRef = 4144DBE41F0437C50065B6E2 /* SavedItems.swift */; };
		4144DBE71F04A5C90065B6E2 /* PhotoAlbumViewCell.swift in Sources */ = {isa = PBXBuildFile; fileRef = 4144DBE61F04A5C90065B6E2 /* PhotoAlbumViewCell.swift */; };
		4144DBE91F0598D50065B6E2 /* CoreDataStack.swift in Sources */ = {isa = PBXBuildFile; fileRef = 4144DBE81F0598D50065B6E2 /* CoreDataStack.swift */; };
		4144DBF51F05A3A60065B6E2 /* Model.xcdatamodel in Sources */ = {isa = PBXBuildFile; fileRef = 4144DBF41F05A3A60065B6E2 /* Model.xcdatamodel */; };
		4144DC021F05A5480065B6E2 /* Images+CoreDataClass.swift in Sources */ = {isa = PBXBuildFile; fileRef = 4144DBFE1F05A5480065B6E2 /* Images+CoreDataClass.swift */; };
		4144DC031F05A5480065B6E2 /* Images+CoreDataProperties.swift in Sources */ = {isa = PBXBuildFile; fileRef = 4144DBFF1F05A5480065B6E2 /* Images+CoreDataProperties.swift */; };
		4144DC041F05A5480065B6E2 /* Pin+CoreDataClass.swift in Sources */ = {isa = PBXBuildFile; fileRef = 4144DC001F05A5480065B6E2 /* Pin+CoreDataClass.swift */; };
		4144DC051F05A5480065B6E2 /* Pin+CoreDataProperties.swift in Sources */ = {isa = PBXBuildFile; fileRef = 4144DC011F05A5480065B6E2 /* Pin+CoreDataProperties.swift */; };
		4144DC0B1F06C04D0065B6E2 /* CoreDataViewController.swift in Sources */ = {isa = PBXBuildFile; fileRef = 4144DC0A1F06C04D0065B6E2 /* CoreDataViewController.swift */; };
		4175F01E1EFEC9B800BDFAE8 /* AppDelegate.swift in Sources */ = {isa = PBXBuildFile; fileRef = 4175F01D1EFEC9B800BDFAE8 /* AppDelegate.swift */; };
		4175F0201EFEC9B800BDFAE8 /* MapsViewController.swift in Sources */ = {isa = PBXBuildFile; fileRef = 4175F01F1EFEC9B800BDFAE8 /* MapsViewController.swift */; };
		4175F0231EFEC9B800BDFAE8 /* Main.storyboard in Resources */ = {isa = PBXBuildFile; fileRef = 4175F0211EFEC9B800BDFAE8 /* Main.storyboard */; };
		4175F0251EFEC9B800BDFAE8 /* Assets.xcassets in Resources */ = {isa = PBXBuildFile; fileRef = 4175F0241EFEC9B800BDFAE8 /* Assets.xcassets */; };
		4175F0281EFEC9B800BDFAE8 /* LaunchScreen.storyboard in Resources */ = {isa = PBXBuildFile; fileRef = 4175F0261EFEC9B800BDFAE8 /* LaunchScreen.storyboard */; };
		4175F0331EFEC9B800BDFAE8 /* VirtualTouristTests.swift in Sources */ = {isa = PBXBuildFile; fileRef = 4175F0321EFEC9B800BDFAE8 /* VirtualTouristTests.swift */; };
		4175F03E1EFEC9B800BDFAE8 /* VirtualTouristUITests.swift in Sources */ = {isa = PBXBuildFile; fileRef = 4175F03D1EFEC9B800BDFAE8 /* VirtualTouristUITests.swift */; };
/* End PBXBuildFile section */

/* Begin PBXContainerItemProxy section */
		4175F02F1EFEC9B800BDFAE8 /* PBXContainerItemProxy */ = {
			isa = PBXContainerItemProxy;
			containerPortal = 4175F0121EFEC9B800BDFAE8 /* Project object */;
			proxyType = 1;
			remoteGlobalIDString = 4175F0191EFEC9B800BDFAE8;
			remoteInfo = VirtualTourist;
		};
		4175F03A1EFEC9B800BDFAE8 /* PBXContainerItemProxy */ = {
			isa = PBXContainerItemProxy;
			containerPortal = 4175F0121EFEC9B800BDFAE8 /* Project object */;
			proxyType = 1;
			remoteGlobalIDString = 4175F0191EFEC9B800BDFAE8;
			remoteInfo = VirtualTourist;
		};
/* End PBXContainerItemProxy section */

/* Begin PBXFileReference section */
		4144DBD81F03FA790065B6E2 /* PhotoAlbumViewController.swift */ = {isa = PBXFileReference; fileEncoding = 4; lastKnownFileType = sourcecode.swift; path = PhotoAlbumViewController.swift; sourceTree = "<group>"; };
		4144DBE01F041B5D0065B6E2 /* Constants.swift */ = {isa = PBXFileReference; fileEncoding = 4; lastKnownFileType = sourcecode.swift; path = Constants.swift; sourceTree = "<group>"; };
		4144DBE21F041F2F0065B6E2 /* Client.swift */ = {isa = PBXFileReference; fileEncoding = 4; lastKnownFileType = sourcecode.swift; path = Client.swift; sourceTree = "<group>"; };
		4144DBE41F0437C50065B6E2 /* SavedItems.swift */ = {isa = PBXFileReference; fileEncoding = 4; lastKnownFileType = sourcecode.swift; path = SavedItems.swift; sourceTree = "<group>"; };
		4144DBE61F04A5C90065B6E2 /* PhotoAlbumViewCell.swift */ = {isa = PBXFileReference; fileEncoding = 4; lastKnownFileType = sourcecode.swift; path = PhotoAlbumViewCell.swift; sourceTree = "<group>"; };
		4144DBE81F0598D50065B6E2 /* CoreDataStack.swift */ = {isa = PBXFileReference; fileEncoding = 4; lastKnownFileType = sourcecode.swift; name = CoreDataStack.swift; path = "../../Downloads/03-CoreDataStackFile/CoreDataStack.swift"; sourceTree = "<group>"; };
		4144DBF41F05A3A60065B6E2 /* Model.xcdatamodel */ = {isa = PBXFileReference; lastKnownFileType = wrapper.xcdatamodel; name = Model.xcdatamodel; path = Model.xcdatamodeld/Model.xcdatamodel; sourceTree = "<group>"; };
		4144DBFE1F05A5480065B6E2 /* Images+CoreDataClass.swift */ = {isa = PBXFileReference; fileEncoding = 4; lastKnownFileType = sourcecode.swift; path = "Images+CoreDataClass.swift"; sourceTree = "<group>"; };
		4144DBFF1F05A5480065B6E2 /* Images+CoreDataProperties.swift */ = {isa = PBXFileReference; fileEncoding = 4; lastKnownFileType = sourcecode.swift; path = "Images+CoreDataProperties.swift"; sourceTree = "<group>"; };
		4144DC001F05A5480065B6E2 /* Pin+CoreDataClass.swift */ = {isa = PBXFileReference; fileEncoding = 4; lastKnownFileType = sourcecode.swift; path = "Pin+CoreDataClass.swift"; sourceTree = "<group>"; };
		4144DC011F05A5480065B6E2 /* Pin+CoreDataProperties.swift */ = {isa = PBXFileReference; fileEncoding = 4; lastKnownFileType = sourcecode.swift; path = "Pin+CoreDataProperties.swift"; sourceTree = "<group>"; };
		4144DC0A1F06C04D0065B6E2 /* CoreDataViewController.swift */ = {isa = PBXFileReference; fileEncoding = 4; lastKnownFileType = sourcecode.swift; path = CoreDataViewController.swift; sourceTree = "<group>"; };
		4175F01A1EFEC9B800BDFAE8 /* VirtualTourist.app */ = {isa = PBXFileReference; explicitFileType = wrapper.application; includeInIndex = 0; path = VirtualTourist.app; sourceTree = BUILT_PRODUCTS_DIR; };
		4175F01D1EFEC9B800BDFAE8 /* AppDelegate.swift */ = {isa = PBXFileReference; lastKnownFileType = sourcecode.swift; path = AppDelegate.swift; sourceTree = "<group>"; };
		4175F01F1EFEC9B800BDFAE8 /* MapsViewController.swift */ = {isa = PBXFileReference; lastKnownFileType = sourcecode.swift; path = MapsViewController.swift; sourceTree = "<group>"; };
		4175F0221EFEC9B800BDFAE8 /* Base */ = {isa = PBXFileReference; lastKnownFileType = file.storyboard; name = Base; path = Base.lproj/Main.storyboard; sourceTree = "<group>"; };
		4175F0241EFEC9B800BDFAE8 /* Assets.xcassets */ = {isa = PBXFileReference; lastKnownFileType = folder.assetcatalog; path = Assets.xcassets; sourceTree = "<group>"; };
		4175F0271EFEC9B800BDFAE8 /* Base */ = {isa = PBXFileReference; lastKnownFileType = file.storyboard; name = Base; path = Base.lproj/LaunchScreen.storyboard; sourceTree = "<group>"; };
		4175F0291EFEC9B800BDFAE8 /* Info.plist */ = {isa = PBXFileReference; lastKnownFileType = text.plist.xml; path = Info.plist; sourceTree = "<group>"; };
		4175F02E1EFEC9B800BDFAE8 /* VirtualTouristTests.xctest */ = {isa = PBXFileReference; explicitFileType = wrapper.cfbundle; includeInIndex = 0; path = VirtualTouristTests.xctest; sourceTree = BUILT_PRODUCTS_DIR; };
		4175F0321EFEC9B800BDFAE8 /* VirtualTouristTests.swift */ = {isa = PBXFileReference; lastKnownFileType = sourcecode.swift; path = VirtualTouristTests.swift; sourceTree = "<group>"; };
		4175F0341EFEC9B800BDFAE8 /* Info.plist */ = {isa = PBXFileReference; lastKnownFileType = text.plist.xml; path = Info.plist; sourceTree = "<group>"; };
		4175F0391EFEC9B800BDFAE8 /* VirtualTouristUITests.xctest */ = {isa = PBXFileReference; explicitFileType = wrapper.cfbundle; includeInIndex = 0; path = VirtualTouristUITests.xctest; sourceTree = BUILT_PRODUCTS_DIR; };
		4175F03D1EFEC9B800BDFAE8 /* VirtualTouristUITests.swift */ = {isa = PBXFileReference; lastKnownFileType = sourcecode.swift; path = VirtualTouristUITests.swift; sourceTree = "<group>"; };
		4175F03F1EFEC9B800BDFAE8 /* Info.plist */ = {isa = PBXFileReference; lastKnownFileType = text.plist.xml; path = Info.plist; sourceTree = "<group>"; };
/* End PBXFileReference section */

/* Begin PBXFrameworksBuildPhase section */
		4175F0171EFEC9B800BDFAE8 /* Frameworks */ = {
			isa = PBXFrameworksBuildPhase;
			buildActionMask = 2147483647;
			files = (
			);
			runOnlyForDeploymentPostprocessing = 0;
		};
		4175F02B1EFEC9B800BDFAE8 /* Frameworks */ = {
			isa = PBXFrameworksBuildPhase;
			buildActionMask = 2147483647;
			files = (
			);
			runOnlyForDeploymentPostprocessing = 0;
		};
		4175F0361EFEC9B800BDFAE8 /* Frameworks */ = {
			isa = PBXFrameworksBuildPhase;
			buildActionMask = 2147483647;
			files = (
			);
			runOnlyForDeploymentPostprocessing = 0;
		};
/* End PBXFrameworksBuildPhase section */

/* Begin PBXGroup section */
		4144DBDA1F0410940065B6E2 /* Model */ = {
			isa = PBXGroup;
			children = (
				4144DBE21F041F2F0065B6E2 /* Client.swift */,
				4144DBE01F041B5D0065B6E2 /* Constants.swift */,
				4144DBE81F0598D50065B6E2 /* CoreDataStack.swift */,
				4144DBF41F05A3A60065B6E2 /* Model.xcdatamodel */,
				4144DBFE1F05A5480065B6E2 /* Images+CoreDataClass.swift */,
				4144DBFF1F05A5480065B6E2 /* Images+CoreDataProperties.swift */,
				4144DC001F05A5480065B6E2 /* Pin+CoreDataClass.swift */,
				4144DC011F05A5480065B6E2 /* Pin+CoreDataProperties.swift */,
				4144DBE41F0437C50065B6E2 /* SavedItems.swift */,
			);
			name = Model;
			sourceTree = "<group>";
		};
		4144DBDC1F0410AF0065B6E2 /* View */ = {
			isa = PBXGroup;
			children = (
				4144DBE61F04A5C90065B6E2 /* PhotoAlbumViewCell.swift */,
			);
			name = View;
			sourceTree = "<group>";
		};
		4144DBDD1F0410B40065B6E2 /* Controller */ = {
			isa = PBXGroup;
			children = (
				4144DC0A1F06C04D0065B6E2 /* CoreDataViewController.swift */,
				4175F01F1EFEC9B800BDFAE8 /* MapsViewController.swift */,
				4144DBD81F03FA790065B6E2 /* PhotoAlbumViewController.swift */,
			);
			name = Controller;
			sourceTree = "<group>";
		};
		4144DBDE1F0410DB0065B6E2 /* Assets */ = {
			isa = PBXGroup;
			children = (
				4175F0211EFEC9B800BDFAE8 /* Main.storyboard */,
				4175F0241EFEC9B800BDFAE8 /* Assets.xcassets */,
				4175F0261EFEC9B800BDFAE8 /* LaunchScreen.storyboard */,
			);
			name = Assets;
			sourceTree = "<group>";
		};
		4144DBDF1F0411050065B6E2 /* Supporting Files */ = {
			isa = PBXGroup;
			children = (
				4175F0291EFEC9B800BDFAE8 /* Info.plist */,
			);
			name = "Supporting Files";
			sourceTree = "<group>";
		};
		4175F0111EFEC9B800BDFAE8 = {
			isa = PBXGroup;
			children = (
				4175F01C1EFEC9B800BDFAE8 /* VirtualTourist */,
				4175F0311EFEC9B800BDFAE8 /* VirtualTouristTests */,
				4175F03C1EFEC9B800BDFAE8 /* VirtualTouristUITests */,
				4175F01B1EFEC9B800BDFAE8 /* Products */,
			);
			sourceTree = "<group>";
		};
		4175F01B1EFEC9B800BDFAE8 /* Products */ = {
			isa = PBXGroup;
			children = (
				4175F01A1EFEC9B800BDFAE8 /* VirtualTourist.app */,
				4175F02E1EFEC9B800BDFAE8 /* VirtualTouristTests.xctest */,
				4175F0391EFEC9B800BDFAE8 /* VirtualTouristUITests.xctest */,
			);
			name = Products;
			sourceTree = "<group>";
		};
		4175F01C1EFEC9B800BDFAE8 /* VirtualTourist */ = {
			isa = PBXGroup;
			children = (
				4175F01D1EFEC9B800BDFAE8 /* AppDelegate.swift */,
				4144DBDA1F0410940065B6E2 /* Model */,
				4144DBDC1F0410AF0065B6E2 /* View */,
				4144DBDD1F0410B40065B6E2 /* Controller */,
				4144DBDE1F0410DB0065B6E2 /* Assets */,
				4144DBDF1F0411050065B6E2 /* Supporting Files */,
			);
			path = VirtualTourist;
			sourceTree = "<group>";
		};
		4175F0311EFEC9B800BDFAE8 /* VirtualTouristTests */ = {
			isa = PBXGroup;
			children = (
				4175F0321EFEC9B800BDFAE8 /* VirtualTouristTests.swift */,
				4175F0341EFEC9B800BDFAE8 /* Info.plist */,
			);
			path = VirtualTouristTests;
			sourceTree = "<group>";
		};
		4175F03C1EFEC9B800BDFAE8 /* VirtualTouristUITests */ = {
			isa = PBXGroup;
			children = (
				4175F03D1EFEC9B800BDFAE8 /* VirtualTouristUITests.swift */,
				4175F03F1EFEC9B800BDFAE8 /* Info.plist */,
			);
			path = VirtualTouristUITests;
			sourceTree = "<group>";
		};
/* End PBXGroup section */

/* Begin PBXNativeTarget section */
		4175F0191EFEC9B800BDFAE8 /* VirtualTourist */ = {
			isa = PBXNativeTarget;
			buildConfigurationList = 4175F0421EFEC9B800BDFAE8 /* Build configuration list for PBXNativeTarget "VirtualTourist" */;
			buildPhases = (
				4175F0161EFEC9B800BDFAE8 /* Sources */,
				4175F0171EFEC9B800BDFAE8 /* Frameworks */,
				4175F0181EFEC9B800BDFAE8 /* Resources */,
			);
			buildRules = (
			);
			dependencies = (
			);
			name = VirtualTourist;
			productName = VirtualTourist;
			productReference = 4175F01A1EFEC9B800BDFAE8 /* VirtualTourist.app */;
			productType = "com.apple.product-type.application";
		};
		4175F02D1EFEC9B800BDFAE8 /* VirtualTouristTests */ = {
			isa = PBXNativeTarget;
			buildConfigurationList = 4175F0451EFEC9B800BDFAE8 /* Build configuration list for PBXNativeTarget "VirtualTouristTests" */;
			buildPhases = (
				4175F02A1EFEC9B800BDFAE8 /* Sources */,
				4175F02B1EFEC9B800BDFAE8 /* Frameworks */,
				4175F02C1EFEC9B800BDFAE8 /* Resources */,
			);
			buildRules = (
			);
			dependencies = (
				4175F0301EFEC9B800BDFAE8 /* PBXTargetDependency */,
			);
			name = VirtualTouristTests;
			productName = VirtualTouristTests;
			productReference = 4175F02E1EFEC9B800BDFAE8 /* VirtualTouristTests.xctest */;
			productType = "com.apple.product-type.bundle.unit-test";
		};
		4175F0381EFEC9B800BDFAE8 /* VirtualTouristUITests */ = {
			isa = PBXNativeTarget;
			buildConfigurationList = 4175F0481EFEC9B800BDFAE8 /* Build configuration list for PBXNativeTarget "VirtualTouristUITests" */;
			buildPhases = (
				4175F0351EFEC9B800BDFAE8 /* Sources */,
				4175F0361EFEC9B800BDFAE8 /* Frameworks */,
				4175F0371EFEC9B800BDFAE8 /* Resources */,
			);
			buildRules = (
			);
			dependencies = (
				4175F03B1EFEC9B800BDFAE8 /* PBXTargetDependency */,
			);
			name = VirtualTouristUITests;
			productName = VirtualTouristUITests;
			productReference = 4175F0391EFEC9B800BDFAE8 /* VirtualTouristUITests.xctest */;
			productType = "com.apple.product-type.bundle.ui-testing";
		};
/* End PBXNativeTarget section */

/* Begin PBXProject section */
		4175F0121EFEC9B800BDFAE8 /* Project object */ = {
			isa = PBXProject;
			attributes = {
				LastSwiftUpdateCheck = 0830;
				LastUpgradeCheck = 0830;
				ORGANIZATIONNAME = "Kiyoshi Woolheater";
				TargetAttributes = {
					4175F0191EFEC9B800BDFAE8 = {
						CreatedOnToolsVersion = 8.3.3;
						DevelopmentTeam = 9WPUH3VBBN;
						ProvisioningStyle = Automatic;
					};
					4175F02D1EFEC9B800BDFAE8 = {
						CreatedOnToolsVersion = 8.3.3;
						DevelopmentTeam = 9WPUH3VBBN;
						ProvisioningStyle = Automatic;
						TestTargetID = 4175F0191EFEC9B800BDFAE8;
					};
					4175F0381EFEC9B800BDFAE8 = {
						CreatedOnToolsVersion = 8.3.3;
						DevelopmentTeam = 9WPUH3VBBN;
						ProvisioningStyle = Automatic;
						TestTargetID = 4175F0191EFEC9B800BDFAE8;
					};
				};
			};
			buildConfigurationList = 4175F0151EFEC9B800BDFAE8 /* Build configuration list for PBXProject "VirtualTourist" */;
			compatibilityVersion = "Xcode 3.2";
			developmentRegion = English;
			hasScannedForEncodings = 0;
			knownRegions = (
				en,
				Base,
			);
			mainGroup = 4175F0111EFEC9B800BDFAE8;
			productRefGroup = 4175F01B1EFEC9B800BDFAE8 /* Products */;
			projectDirPath = "";
			projectRoot = "";
			targets = (
				4175F0191EFEC9B800BDFAE8 /* VirtualTourist */,
				4175F02D1EFEC9B800BDFAE8 /* VirtualTouristTests */,
				4175F0381EFEC9B800BDFAE8 /* VirtualTouristUITests */,
			);
		};
/* End PBXProject section */

/* Begin PBXResourcesBuildPhase section */
		4175F0181EFEC9B800BDFAE8 /* Resources */ = {
			isa = PBXResourcesBuildPhase;
			buildActionMask = 2147483647;
			files = (
				4175F0281EFEC9B800BDFAE8 /* LaunchScreen.storyboard in Resources */,
				4175F0251EFEC9B800BDFAE8 /* Assets.xcassets in Resources */,
				4175F0231EFEC9B800BDFAE8 /* Main.storyboard in Resources */,
			);
			runOnlyForDeploymentPostprocessing = 0;
		};
		4175F02C1EFEC9B800BDFAE8 /* Resources */ = {
			isa = PBXResourcesBuildPhase;
			buildActionMask = 2147483647;
			files = (
			);
			runOnlyForDeploymentPostprocessing = 0;
		};
		4175F0371EFEC9B800BDFAE8 /* Resources */ = {
			isa = PBXResourcesBuildPhase;
			buildActionMask = 2147483647;
			files = (
			);
			runOnlyForDeploymentPostprocessing = 0;
		};
/* End PBXResourcesBuildPhase section */

/* Begin PBXSourcesBuildPhase section */
		4175F0161EFEC9B800BDFAE8 /* Sources */ = {
			isa = PBXSourcesBuildPhase;
			buildActionMask = 2147483647;
			files = (
				4144DBE11F041B5D0065B6E2 /* Constants.swift in Sources */,
				4144DC021F05A5480065B6E2 /* Images+CoreDataClass.swift in Sources */,
				4144DBE71F04A5C90065B6E2 /* PhotoAlbumViewCell.swift in Sources */,
				4144DC0B1F06C04D0065B6E2 /* CoreDataViewController.swift in Sources */,
				4175F0201EFEC9B800BDFAE8 /* MapsViewController.swift in Sources */,
				4144DBE91F0598D50065B6E2 /* CoreDataStack.swift in Sources */,
				4144DBE51F0437C50065B6E2 /* SavedItems.swift in Sources */,
				4144DBE31F041F2F0065B6E2 /* Client.swift in Sources */,
				4144DC031F05A5480065B6E2 /* Images+CoreDataProperties.swift in Sources */,
				4144DBF51F05A3A60065B6E2 /* Model.xcdatamodel in Sources */,
				4144DC041F05A5480065B6E2 /* Pin+CoreDataClass.swift in Sources */,
				4144DC051F05A5480065B6E2 /* Pin+CoreDataProperties.swift in Sources */,
				4175F01E1EFEC9B800BDFAE8 /* AppDelegate.swift in Sources */,
				4144DBD91F03FA790065B6E2 /* PhotoAlbumViewController.swift in Sources */,
			);
			runOnlyForDeploymentPostprocessing = 0;
		};
		4175F02A1EFEC9B800BDFAE8 /* Sources */ = {
			isa = PBXSourcesBuildPhase;
			buildActionMask = 2147483647;
			files = (
				4175F0331EFEC9B800BDFAE8 /* VirtualTouristTests.swift in Sources */,
			);
			runOnlyForDeploymentPostprocessing = 0;
		};
		4175F0351EFEC9B800BDFAE8 /* Sources */ = {
			isa = PBXSourcesBuildPhase;
			buildActionMask = 2147483647;
			files = (
				4175F03E1EFEC9B800BDFAE8 /* VirtualTouristUITests.swift in Sources */,
			);
			runOnlyForDeploymentPostprocessing = 0;
		};
/* End PBXSourcesBuildPhase section */

/* Begin PBXTargetDependency section */
		4175F0301EFEC9B800BDFAE8 /* PBXTargetDependency */ = {
			isa = PBXTargetDependency;
			target = 4175F0191EFEC9B800BDFAE8 /* VirtualTourist */;
			targetProxy = 4175F02F1EFEC9B800BDFAE8 /* PBXContainerItemProxy */;
		};
		4175F03B1EFEC9B800BDFAE8 /* PBXTargetDependency */ = {
			isa = PBXTargetDependency;
			target = 4175F0191EFEC9B800BDFAE8 /* VirtualTourist */;
			targetProxy = 4175F03A1EFEC9B800BDFAE8 /* PBXContainerItemProxy */;
		};
/* End PBXTargetDependency section */

/* Begin PBXVariantGroup section */
		4175F0211EFEC9B800BDFAE8 /* Main.storyboard */ = {
			isa = PBXVariantGroup;
			children = (
				4175F0221EFEC9B800BDFAE8 /* Base */,
			);
			name = Main.storyboard;
			sourceTree = "<group>";
		};
		4175F0261EFEC9B800BDFAE8 /* LaunchScreen.storyboard */ = {
			isa = PBXVariantGroup;
			children = (
				4175F0271EFEC9B800BDFAE8 /* Base */,
			);
			name = LaunchScreen.storyboard;
			sourceTree = "<group>";
		};
/* End PBXVariantGroup section */

/* Begin XCBuildConfiguration section */
		4175F0401EFEC9B800BDFAE8 /* Debug */ = {
			isa = XCBuildConfiguration;
			buildSettings = {
				ALWAYS_SEARCH_USER_PATHS = NO;
				CLANG_ANALYZER_NONNULL = YES;
				CLANG_ANALYZER_NUMBER_OBJECT_CONVERSION = YES_AGGRESSIVE;
				CLANG_CXX_LANGUAGE_STANDARD = "gnu++0x";
				CLANG_CXX_LIBRARY = "libc++";
				CLANG_ENABLE_MODULES = YES;
				CLANG_ENABLE_OBJC_ARC = YES;
				CLANG_WARN_BOOL_CONVERSION = YES;
				CLANG_WARN_CONSTANT_CONVERSION = YES;
				CLANG_WARN_DIRECT_OBJC_ISA_USAGE = YES_ERROR;
				CLANG_WARN_DOCUMENTATION_COMMENTS = YES;
				CLANG_WARN_EMPTY_BODY = YES;
				CLANG_WARN_ENUM_CONVERSION = YES;
				CLANG_WARN_INFINITE_RECURSION = YES;
				CLANG_WARN_INT_CONVERSION = YES;
				CLANG_WARN_OBJC_ROOT_CLASS = YES_ERROR;
				CLANG_WARN_SUSPICIOUS_MOVE = YES;
				CLANG_WARN_UNREACHABLE_CODE = YES;
				CLANG_WARN__DUPLICATE_METHOD_MATCH = YES;
				"CODE_SIGN_IDENTITY[sdk=iphoneos*]" = "iPhone Developer";
				COPY_PHASE_STRIP = NO;
				DEBUG_INFORMATION_FORMAT = dwarf;
				ENABLE_STRICT_OBJC_MSGSEND = YES;
				ENABLE_TESTABILITY = YES;
				GCC_C_LANGUAGE_STANDARD = gnu99;
				GCC_DYNAMIC_NO_PIC = NO;
				GCC_NO_COMMON_BLOCKS = YES;
				GCC_OPTIMIZATION_LEVEL = 0;
				GCC_PREPROCESSOR_DEFINITIONS = (
					"DEBUG=1",
					"$(inherited)",
				);
				GCC_WARN_64_TO_32_BIT_CONVERSION = YES;
				GCC_WARN_ABOUT_RETURN_TYPE = YES_ERROR;
				GCC_WARN_UNDECLARED_SELECTOR = YES;
				GCC_WARN_UNINITIALIZED_AUTOS = YES_AGGRESSIVE;
				GCC_WARN_UNUSED_FUNCTION = YES;
				GCC_WARN_UNUSED_VARIABLE = YES;
				IPHONEOS_DEPLOYMENT_TARGET = 10.3;
				MTL_ENABLE_DEBUG_INFO = YES;
				ONLY_ACTIVE_ARCH = YES;
				SDKROOT = iphoneos;
				SWIFT_ACTIVE_COMPILATION_CONDITIONS = DEBUG;
				SWIFT_OPTIMIZATION_LEVEL = "-Onone";
			};
			name = Debug;
		};
		4175F0411EFEC9B800BDFAE8 /* Release */ = {
			isa = XCBuildConfiguration;
			buildSettings = {
				ALWAYS_SEARCH_USER_PATHS = NO;
				CLANG_ANALYZER_NONNULL = YES;
				CLANG_ANALYZER_NUMBER_OBJECT_CONVERSION = YES_AGGRESSIVE;
				CLANG_CXX_LANGUAGE_STANDARD = "gnu++0x";
				CLANG_CXX_LIBRARY = "libc++";
				CLANG_ENABLE_MODULES = YES;
				CLANG_ENABLE_OBJC_ARC = YES;
				CLANG_WARN_BOOL_CONVERSION = YES;
				CLANG_WARN_CONSTANT_CONVERSION = YES;
				CLANG_WARN_DIRECT_OBJC_ISA_USAGE = YES_ERROR;
				CLANG_WARN_DOCUMENTATION_COMMENTS = YES;
				CLANG_WARN_EMPTY_BODY = YES;
				CLANG_WARN_ENUM_CONVERSION = YES;
				CLANG_WARN_INFINITE_RECURSION = YES;
				CLANG_WARN_INT_CONVERSION = YES;
				CLANG_WARN_OBJC_ROOT_CLASS = YES_ERROR;
				CLANG_WARN_SUSPICIOUS_MOVE = YES;
				CLANG_WARN_UNREACHABLE_CODE = YES;
				CLANG_WARN__DUPLICATE_METHOD_MATCH = YES;
				"CODE_SIGN_IDENTITY[sdk=iphoneos*]" = "iPhone Developer";
				COPY_PHASE_STRIP = NO;
				DEBUG_INFORMATION_FORMAT = "dwarf-with-dsym";
				ENABLE_NS_ASSERTIONS = NO;
				ENABLE_STRICT_OBJC_MSGSEND = YES;
				GCC_C_LANGUAGE_STANDARD = gnu99;
				GCC_NO_COMMON_BLOCKS = YES;
				GCC_WARN_64_TO_32_BIT_CONVERSION = YES;
				GCC_WARN_ABOUT_RETURN_TYPE = YES_ERROR;
				GCC_WARN_UNDECLARED_SELECTOR = YES;
				GCC_WARN_UNINITIALIZED_AUTOS = YES_AGGRESSIVE;
				GCC_WARN_UNUSED_FUNCTION = YES;
				GCC_WARN_UNUSED_VARIABLE = YES;
				IPHONEOS_DEPLOYMENT_TARGET = 10.3;
				MTL_ENABLE_DEBUG_INFO = NO;
				SDKROOT = iphoneos;
				SWIFT_OPTIMIZATION_LEVEL = "-Owholemodule";
				VALIDATE_PRODUCT = YES;
			};
			name = Release;
		};
		4175F0431EFEC9B800BDFAE8 /* Debug */ = {
			isa = XCBuildConfiguration;
			buildSettings = {
				ASSETCATALOG_COMPILER_APPICON_NAME = AppIcon;
				DEVELOPMENT_TEAM = 9WPUH3VBBN;
				INFOPLIST_FILE = VirtualTourist/Info.plist;
				LD_RUNPATH_SEARCH_PATHS = "$(inherited) @executable_path/Frameworks";
				PRODUCT_BUNDLE_IDENTIFIER = com.kiyoshiwoolheater.VirtualTourist;
				PRODUCT_NAME = "$(TARGET_NAME)";
				SWIFT_VERSION = 3.0;
			};
			name = Debug;
		};
		4175F0441EFEC9B800BDFAE8 /* Release */ = {
			isa = XCBuildConfiguration;
			buildSettings = {
				ASSETCATALOG_COMPILER_APPICON_NAME = AppIcon;
				DEVELOPMENT_TEAM = 9WPUH3VBBN;
				INFOPLIST_FILE = VirtualTourist/Info.plist;
				LD_RUNPATH_SEARCH_PATHS = "$(inherited) @executable_path/Frameworks";
				PRODUCT_BUNDLE_IDENTIFIER = com.kiyoshiwoolheater.VirtualTourist;
				PRODUCT_NAME = "$(TARGET_NAME)";
				SWIFT_VERSION = 3.0;
			};
			name = Release;
		};
		4175F0461EFEC9B800BDFAE8 /* Debug */ = {
			isa = XCBuildConfiguration;
			buildSettings = {
				ALWAYS_EMBED_SWIFT_STANDARD_LIBRARIES = YES;
				BUNDLE_LOADER = "$(TEST_HOST)";
				DEVELOPMENT_TEAM = 9WPUH3VBBN;
				INFOPLIST_FILE = VirtualTouristTests/Info.plist;
				LD_RUNPATH_SEARCH_PATHS = "$(inherited) @executable_path/Frameworks @loader_path/Frameworks";
				PRODUCT_BUNDLE_IDENTIFIER = com.kiyoshiwoolheater.VirtualTouristTests;
				PRODUCT_NAME = "$(TARGET_NAME)";
				SWIFT_VERSION = 3.0;
				TEST_HOST = "$(BUILT_PRODUCTS_DIR)/VirtualTourist.app/VirtualTourist";
			};
			name = Debug;
		};
		4175F0471EFEC9B800BDFAE8 /* Release */ = {
			isa = XCBuildConfiguration;
			buildSettings = {
				ALWAYS_EMBED_SWIFT_STANDARD_LIBRARIES = YES;
				BUNDLE_LOADER = "$(TEST_HOST)";
				DEVELOPMENT_TEAM = 9WPUH3VBBN;
				INFOPLIST_FILE = VirtualTouristTests/Info.plist;
				LD_RUNPATH_SEARCH_PATHS = "$(inherited) @executable_path/Frameworks @loader_path/Frameworks";
				PRODUCT_BUNDLE_IDENTIFIER = com.kiyoshiwoolheater.VirtualTouristTests;
				PRODUCT_NAME = "$(TARGET_NAME)";
				SWIFT_VERSION = 3.0;
				TEST_HOST = "$(BUILT_PRODUCTS_DIR)/VirtualTourist.app/VirtualTourist";
			};
			name = Release;
		};
		4175F0491EFEC9B800BDFAE8 /* Debug */ = {
			isa = XCBuildConfiguration;
			buildSettings = {
				ALWAYS_EMBED_SWIFT_STANDARD_LIBRARIES = YES;
				DEVELOPMENT_TEAM = 9WPUH3VBBN;
				INFOPLIST_FILE = VirtualTouristUITests/Info.plist;
				LD_RUNPATH_SEARCH_PATHS = "$(inherited) @executable_path/Frameworks @loader_path/Frameworks";
				PRODUCT_BUNDLE_IDENTIFIER = com.kiyoshiwoolheater.VirtualTouristUITests;
				PRODUCT_NAME = "$(TARGET_NAME)";
				SWIFT_VERSION = 3.0;
				TEST_TARGET_NAME = VirtualTourist;
			};
			name = Debug;
		};
		4175F04A1EFEC9B800BDFAE8 /* Release */ = {
			isa = XCBuildConfiguration;
			buildSettings = {
				ALWAYS_EMBED_SWIFT_STANDARD_LIBRARIES = YES;
				DEVELOPMENT_TEAM = 9WPUH3VBBN;
				INFOPLIST_FILE = VirtualTouristUITests/Info.plist;
				LD_RUNPATH_SEARCH_PATHS = "$(inherited) @executable_path/Frameworks @loader_path/Frameworks";
				PRODUCT_BUNDLE_IDENTIFIER = com.kiyoshiwoolheater.VirtualTouristUITests;
				PRODUCT_NAME = "$(TARGET_NAME)";
				SWIFT_VERSION = 3.0;
				TEST_TARGET_NAME = VirtualTourist;
			};
			name = Release;
		};
/* End XCBuildConfiguration section */

/* Begin XCConfigurationList section */
		4175F0151EFEC9B800BDFAE8 /* Build configuration list for PBXProject "VirtualTourist" */ = {
			isa = XCConfigurationList;
			buildConfigurations = (
				4175F0401EFEC9B800BDFAE8 /* Debug */,
				4175F0411EFEC9B800BDFAE8 /* Release */,
			);
			defaultConfigurationIsVisible = 0;
			defaultConfigurationName = Release;
		};
		4175F0421EFEC9B800BDFAE8 /* Build configuration list for PBXNativeTarget "VirtualTourist" */ = {
			isa = XCConfigurationList;
			buildConfigurations = (
				4175F0431EFEC9B800BDFAE8 /* Debug */,
				4175F0441EFEC9B800BDFAE8 /* Release */,
			);
			defaultConfigurationIsVisible = 0;
			defaultConfigurationName = Release;
		};
		4175F0451EFEC9B800BDFAE8 /* Build configuration list for PBXNativeTarget "VirtualTouristTests" */ = {
			isa = XCConfigurationList;
			buildConfigurations = (
				4175F0461EFEC9B800BDFAE8 /* Debug */,
				4175F0471EFEC9B800BDFAE8 /* Release */,
			);
			defaultConfigurationIsVisible = 0;
			defaultConfigurationName = Release;
		};
		4175F0481EFEC9B800BDFAE8 /* Build configuration list for PBXNativeTarget "VirtualTouristUITests" */ = {
			isa = XCConfigurationList;
			buildConfigurations = (
				4175F0491EFEC9B800BDFAE8 /* Debug */,
				4175F04A1EFEC9B800BDFAE8 /* Release */,
			);
			defaultConfigurationIsVisible = 0;
			defaultConfigurationName = Release;
		};
/* End XCConfigurationList section */
	};
	rootObject = 4175F0121EFEC9B800BDFAE8 /* Project object */;
}
